
Microsoft Visual Studio Solution File, Format Version 12.00
# Visual Studio 15
VisualStudioVersion = 15.0.26430.16
MinimumVisualStudioVersion = 10.0.40219.1
Project("{8BC9CEB8-8B4A-11D0-8D11-00A0C91BC942}") = "IniParser", "IniParser\IniParser.vcxproj", "{459B1ACC-4678-4835-9D2D-6D4DF9C69A96}"
EndProject
Project("{8BC9CEB8-8B4A-11D0-8D11-00A0C91BC942}") = "StaticMultiSet", "StaticMultiSet\StaticMultiSet.vcxproj", "{6FF4CE1F-69BA-4DD9-A7EF-5CE15D857C52}"
EndProject
Project("{8BC9CEB8-8B4A-11D0-8D11-00A0C91BC942}") = "WavLab", "WavLab\WavLab.vcxproj", "{BD5B7BD5-27BF-48D8-8219-E03E7C36AAF3}"
EndProject
Global
	GlobalSection(SolutionConfigurationPlatforms) = preSolution
		Debug|x64 = Debug|x64
		Debug|x86 = Debug|x86
		Release|x64 = Release|x64
		Release|x86 = Release|x86
	EndGlobalSection
	GlobalSection(ProjectConfigurationPlatforms) = postSolution
		{459B1ACC-4678-4835-9D2D-6D4DF9C69A96}.Debug|x64.ActiveCfg = Debug|x64
		{459B1ACC-4678-4835-9D2D-6D4DF9C69A96}.Debug|x64.Build.0 = Debug|x64
		{459B1ACC-4678-4835-9D2D-6D4DF9C69A96}.Debug|x86.ActiveCfg = Debug|Win32
		{459B1ACC-4678-4835-9D2D-6D4DF9C69A96}.Debug|x86.Build.0 = Debug|Win32
		{459B1ACC-4678-4835-9D2D-6D4DF9C69A96}.Release|x64.ActiveCfg = Release|x64
		{459B1ACC-4678-4835-9D2D-6D4DF9C69A96}.Release|x64.Build.0 = Release|x64
		{459B1ACC-4678-4835-9D2D-6D4DF9C69A96}.Release|x86.ActiveCfg = Release|Win32
		{459B1ACC-4678-4835-9D2D-6D4DF9C69A96}.Release|x86.Build.0 = Release|Win32
		{6FF4CE1F-69BA-4DD9-A7EF-5CE15D857C52}.Debug|x64.ActiveCfg = Debug|x64
		{6FF4CE1F-69BA-4DD9-A7EF-5CE15D857C52}.Debug|x64.Build.0 = Debug|x64
		{6FF4CE1F-69BA-4DD9-A7EF-5CE15D857C52}.Debug|x86.ActiveCfg = Debug|Win32
		{6FF4CE1F-69BA-4DD9-A7EF-5CE15D857C52}.Debug|x86.Build.0 = Debug|Win32
		{6FF4CE1F-69BA-4DD9-A7EF-5CE15D857C52}.Release|x64.ActiveCfg = Release|x64
		{6FF4CE1F-69BA-4DD9-A7EF-5CE15D857C52}.Release|x64.Build.0 = Release|x64
		{6FF4CE1F-69BA-4DD9-A7EF-5CE15D857C52}.Release|x86.ActiveCfg = Release|Win32
		{6FF4CE1F-69BA-4DD9-A7EF-5CE15D857C52}.Release|x86.Build.0 = Release|Win32
		{BD5B7BD5-27BF-48D8-8219-E03E7C36AAF3}.Debug|x64.ActiveCfg = Debug|x64
		{BD5B7BD5-27BF-48D8-8219-E03E7C36AAF3}.Debug|x64.Build.0 = Debug|x64
		{BD5B7BD5-27BF-48D8-8219-E03E7C36AAF3}.Debug|x86.ActiveCfg = Debug|Win32
		{BD5B7BD5-27BF-48D8-8219-E03E7C36AAF3}.Debug|x86.Build.0 = Debug|Win32
		{BD5B7BD5-27BF-48D8-8219-E03E7C36AAF3}.Release|x64.ActiveCfg = Release|x64
		{BD5B7BD5-27BF-48D8-8219-E03E7C36AAF3}.Release|x64.Build.0 = Release|x64
		{BD5B7BD5-27BF-48D8-8219-E03E7C36AAF3}.Release|x86.ActiveCfg = Release|Win32
		{BD5B7BD5-27BF-48D8-8219-E03E7C36AAF3}.Release|x86.Build.0 = Release|Win32
	EndGlobalSection
	GlobalSection(SolutionProperties) = preSolution
		HideSolutionNode = FALSE
	EndGlobalSection
EndGlobal
